// !$*UTF8*$!
{
	archiveVersion = 1;
	classes = {
	};
	objectVersion = 54;
	objects = {

/* Begin PBXBuildFile section */
		BE100AA6281C4D1E002277C9 /* HTTPOptions.swift in Sources */ = {isa = PBXBuildFile; fileRef = BE100AA4281C4D1E002277C9 /* HTTPOptions.swift */; };
		BE100AA7281C4D1E002277C9 /* HTTPRequestOptions.swift in Sources */ = {isa = PBXBuildFile; fileRef = BE100AA5281C4D1E002277C9 /* HTTPRequestOptions.swift */; };
		BE100AAA281C4D30002277C9 /* HTTPResponse.swift in Sources */ = {isa = PBXBuildFile; fileRef = BE100AA9281C4D30002277C9 /* HTTPResponse.swift */; };
		BE100AAD281C4D5B002277C9 /* ResponseSimulator.swift in Sources */ = {isa = PBXBuildFile; fileRef = BE100AAB281C4D5B002277C9 /* ResponseSimulator.swift */; };
		BE100AAE281C4D5B002277C9 /* HTTPResponseSimulator.swift in Sources */ = {isa = PBXBuildFile; fileRef = BE100AAC281C4D5B002277C9 /* HTTPResponseSimulator.swift */; };
		BE21CD772837A63500011EAA /* NetworkingActor.swift in Sources */ = {isa = PBXBuildFile; fileRef = BE21CD762837A63500011EAA /* NetworkingActor.swift */; };
		BE22783A2838A49400154F49 /* NetworkingTests.swift in Sources */ = {isa = PBXBuildFile; fileRef = BE2278392838A49400154F49 /* NetworkingTests.swift */; };
		BE3565F52819BEBF0027269E /* WeakProxy.swift in Sources */ = {isa = PBXBuildFile; fileRef = BE3565F42819BEBF0027269E /* WeakProxy.swift */; };
		BE47052B295C87CB00DAB976 /* HTTPRequestBuilder+download.swift in Sources */ = {isa = PBXBuildFile; fileRef = BE47052A295C87CB00DAB976 /* HTTPRequestBuilder+download.swift */; };
		BE5CDE9D29ABCF610066D32F /* LockIsolated.swift in Sources */ = {isa = PBXBuildFile; fileRef = BE5CDE9C29ABCF610066D32F /* LockIsolated.swift */; };
		BE5CDEA329ABD0690066D32F /* Tracker.swift in Sources */ = {isa = PBXBuildFile; fileRef = BE5CDEA129ABD0690066D32F /* Tracker.swift */; };
		BE5CDEA429ABD0690066D32F /* TrackerProtocol.swift in Sources */ = {isa = PBXBuildFile; fileRef = BE5CDEA229ABD0690066D32F /* TrackerProtocol.swift */; };
		BE788A3728182A6800BFE0B4 /* HTTPRequestProgress.swift in Sources */ = {isa = PBXBuildFile; fileRef = BE788A3628182A6800BFE0B4 /* HTTPRequestProgress.swift */; };
		FE22005126F55007007A2A57 /* HTTPURLResponse+Extension.swift in Sources */ = {isa = PBXBuildFile; fileRef = FE22003426F55006007A2A57 /* HTTPURLResponse+Extension.swift */; };
		FE22005226F55007007A2A57 /* Array+Extension.swift in Sources */ = {isa = PBXBuildFile; fileRef = FE22003526F55006007A2A57 /* Array+Extension.swift */; };
		FE22005326F55007007A2A57 /* URLSession+Extension.swift in Sources */ = {isa = PBXBuildFile; fileRef = FE22003626F55006007A2A57 /* URLSession+Extension.swift */; };
		FE22005426F55007007A2A57 /* URL+Extension.swift in Sources */ = {isa = PBXBuildFile; fileRef = FE22003726F55006007A2A57 /* URL+Extension.swift */; };
		FE22005526F55007007A2A57 /* URLSessionDownloadTask+Extensions.swift in Sources */ = {isa = PBXBuildFile; fileRef = FE22003826F55006007A2A57 /* URLSessionDownloadTask+Extensions.swift */; };
		FE22005626F55007007A2A57 /* URLSessionTask+Extensions.swift in Sources */ = {isa = PBXBuildFile; fileRef = FE22003926F55006007A2A57 /* URLSessionTask+Extensions.swift */; };
		FE22005726F55007007A2A57 /* Dictionary+Merging.swift in Sources */ = {isa = PBXBuildFile; fileRef = FE22003A26F55006007A2A57 /* Dictionary+Merging.swift */; };
		FE22005826F55007007A2A57 /* HTTPGateway.swift in Sources */ = {isa = PBXBuildFile; fileRef = FE22003C26F55006007A2A57 /* HTTPGateway.swift */; };
		FE22005926F55007007A2A57 /* GatewayError.swift in Sources */ = {isa = PBXBuildFile; fileRef = FE22003D26F55006007A2A57 /* GatewayError.swift */; };
		FE22005A26F55007007A2A57 /* Gateway.swift in Sources */ = {isa = PBXBuildFile; fileRef = FE22003E26F55006007A2A57 /* Gateway.swift */; };
		FE22005B26F55007007A2A57 /* HTTPHost.swift in Sources */ = {isa = PBXBuildFile; fileRef = FE22004026F55006007A2A57 /* HTTPHost.swift */; };
		FE22005C26F55007007A2A57 /* Host.swift in Sources */ = {isa = PBXBuildFile; fileRef = FE22004126F55006007A2A57 /* Host.swift */; };
		FE22005E26F55007007A2A57 /* HTTPRequestBuilder.swift in Sources */ = {isa = PBXBuildFile; fileRef = FE22004426F55007007A2A57 /* HTTPRequestBuilder.swift */; };
		FE22005F26F55007007A2A57 /* Request.swift in Sources */ = {isa = PBXBuildFile; fileRef = FE22004526F55007007A2A57 /* Request.swift */; };
		FE22006026F55007007A2A57 /* HTTPMethod.swift in Sources */ = {isa = PBXBuildFile; fileRef = FE22004626F55007007A2A57 /* HTTPMethod.swift */; };
		FE22006126F55007007A2A57 /* HTTPRequest.swift in Sources */ = {isa = PBXBuildFile; fileRef = FE22004726F55007007A2A57 /* HTTPRequest.swift */; };
		FE22006226F55007007A2A57 /* ResponseDecoder.swift in Sources */ = {isa = PBXBuildFile; fileRef = FE22004826F55007007A2A57 /* ResponseDecoder.swift */; };
		FE22006326F55007007A2A57 /* HTTPTaskFactory.swift in Sources */ = {isa = PBXBuildFile; fileRef = FE22004A26F55007007A2A57 /* HTTPTaskFactory.swift */; };
		FE22006426F55007007A2A57 /* TaskFactory.swift in Sources */ = {isa = PBXBuildFile; fileRef = FE22004B26F55007007A2A57 /* TaskFactory.swift */; };
		FE22006526F55007007A2A57 /* ObjectAssociation.swift in Sources */ = {isa = PBXBuildFile; fileRef = FE22004D26F55007007A2A57 /* ObjectAssociation.swift */; };
		FE22FFA926F3E00F007A2A57 /* Networking.framework in Frameworks */ = {isa = PBXBuildFile; fileRef = FE22FF9F26F3E00F007A2A57 /* Networking.framework */; };
		FE22FFFB26F3E7A5007A2A57 /* Networking.h in Headers */ = {isa = PBXBuildFile; fileRef = FE22FFFA26F3E7A5007A2A57 /* Networking.h */; settings = {ATTRIBUTES = (Public, ); }; };
/* End PBXBuildFile section */

/* Begin PBXContainerItemProxy section */
		FE22FFFC26F52CF7007A2A57 /* PBXContainerItemProxy */ = {
			isa = PBXContainerItemProxy;
			containerPortal = FE22FF9626F3E00F007A2A57 /* Project object */;
			proxyType = 1;
			remoteGlobalIDString = FE22FF9E26F3E00F007A2A57;
			remoteInfo = Networking;
		};
/* End PBXContainerItemProxy section */

/* Begin PBXFileReference section */
		BE100AA4281C4D1E002277C9 /* HTTPOptions.swift */ = {isa = PBXFileReference; fileEncoding = 4; lastKnownFileType = sourcecode.swift; path = HTTPOptions.swift; sourceTree = "<group>"; };
		BE100AA5281C4D1E002277C9 /* HTTPRequestOptions.swift */ = {isa = PBXFileReference; fileEncoding = 4; lastKnownFileType = sourcecode.swift; path = HTTPRequestOptions.swift; sourceTree = "<group>"; };
		BE100AA9281C4D30002277C9 /* HTTPResponse.swift */ = {isa = PBXFileReference; fileEncoding = 4; lastKnownFileType = sourcecode.swift; path = HTTPResponse.swift; sourceTree = "<group>"; };
		BE100AAB281C4D5B002277C9 /* ResponseSimulator.swift */ = {isa = PBXFileReference; fileEncoding = 4; lastKnownFileType = sourcecode.swift; path = ResponseSimulator.swift; sourceTree = "<group>"; };
		BE100AAC281C4D5B002277C9 /* HTTPResponseSimulator.swift */ = {isa = PBXFileReference; fileEncoding = 4; lastKnownFileType = sourcecode.swift; path = HTTPResponseSimulator.swift; sourceTree = "<group>"; };
		BE21CD762837A63500011EAA /* NetworkingActor.swift */ = {isa = PBXFileReference; fileEncoding = 4; lastKnownFileType = sourcecode.swift; path = NetworkingActor.swift; sourceTree = "<group>"; };
		BE2278392838A49400154F49 /* NetworkingTests.swift */ = {isa = PBXFileReference; fileEncoding = 4; lastKnownFileType = sourcecode.swift; name = NetworkingTests.swift; path = Tests/NetworkingTests.swift; sourceTree = "<group>"; };
		BE3565F42819BEBF0027269E /* WeakProxy.swift */ = {isa = PBXFileReference; lastKnownFileType = sourcecode.swift; path = WeakProxy.swift; sourceTree = "<group>"; };
		BE47052A295C87CB00DAB976 /* HTTPRequestBuilder+download.swift */ = {isa = PBXFileReference; lastKnownFileType = sourcecode.swift; path = "HTTPRequestBuilder+download.swift"; sourceTree = "<group>"; };
		BE5CDE9C29ABCF610066D32F /* LockIsolated.swift */ = {isa = PBXFileReference; lastKnownFileType = sourcecode.swift; path = LockIsolated.swift; sourceTree = "<group>"; };
		BE5CDEA129ABD0690066D32F /* Tracker.swift */ = {isa = PBXFileReference; fileEncoding = 4; lastKnownFileType = sourcecode.swift; path = Tracker.swift; sourceTree = "<group>"; };
		BE5CDEA229ABD0690066D32F /* TrackerProtocol.swift */ = {isa = PBXFileReference; fileEncoding = 4; lastKnownFileType = sourcecode.swift; path = TrackerProtocol.swift; sourceTree = "<group>"; };
		BE788A3628182A6800BFE0B4 /* HTTPRequestProgress.swift */ = {isa = PBXFileReference; lastKnownFileType = sourcecode.swift; path = HTTPRequestProgress.swift; sourceTree = "<group>"; };
		FE22002B26F5495E007A2A57 /* NetworkingInfo.plist */ = {isa = PBXFileReference; fileEncoding = 4; lastKnownFileType = text.plist.xml; name = NetworkingInfo.plist; path = InfoPlists/NetworkingInfo.plist; sourceTree = "<group>"; };
		FE22003426F55006007A2A57 /* HTTPURLResponse+Extension.swift */ = {isa = PBXFileReference; fileEncoding = 4; lastKnownFileType = sourcecode.swift; path = "HTTPURLResponse+Extension.swift"; sourceTree = "<group>"; };
		FE22003526F55006007A2A57 /* Array+Extension.swift */ = {isa = PBXFileReference; fileEncoding = 4; lastKnownFileType = sourcecode.swift; path = "Array+Extension.swift"; sourceTree = "<group>"; };
		FE22003626F55006007A2A57 /* URLSession+Extension.swift */ = {isa = PBXFileReference; fileEncoding = 4; lastKnownFileType = sourcecode.swift; path = "URLSession+Extension.swift"; sourceTree = "<group>"; };
		FE22003726F55006007A2A57 /* URL+Extension.swift */ = {isa = PBXFileReference; fileEncoding = 4; lastKnownFileType = sourcecode.swift; path = "URL+Extension.swift"; sourceTree = "<group>"; };
		FE22003826F55006007A2A57 /* URLSessionDownloadTask+Extensions.swift */ = {isa = PBXFileReference; fileEncoding = 4; lastKnownFileType = sourcecode.swift; path = "URLSessionDownloadTask+Extensions.swift"; sourceTree = "<group>"; };
		FE22003926F55006007A2A57 /* URLSessionTask+Extensions.swift */ = {isa = PBXFileReference; fileEncoding = 4; lastKnownFileType = sourcecode.swift; path = "URLSessionTask+Extensions.swift"; sourceTree = "<group>"; };
		FE22003A26F55006007A2A57 /* Dictionary+Merging.swift */ = {isa = PBXFileReference; fileEncoding = 4; lastKnownFileType = sourcecode.swift; path = "Dictionary+Merging.swift"; sourceTree = "<group>"; };
		FE22003C26F55006007A2A57 /* HTTPGateway.swift */ = {isa = PBXFileReference; fileEncoding = 4; lastKnownFileType = sourcecode.swift; path = HTTPGateway.swift; sourceTree = "<group>"; };
		FE22003D26F55006007A2A57 /* GatewayError.swift */ = {isa = PBXFileReference; fileEncoding = 4; lastKnownFileType = sourcecode.swift; path = GatewayError.swift; sourceTree = "<group>"; };
		FE22003E26F55006007A2A57 /* Gateway.swift */ = {isa = PBXFileReference; fileEncoding = 4; lastKnownFileType = sourcecode.swift; path = Gateway.swift; sourceTree = "<group>"; };
		FE22004026F55006007A2A57 /* HTTPHost.swift */ = {isa = PBXFileReference; fileEncoding = 4; lastKnownFileType = sourcecode.swift; path = HTTPHost.swift; sourceTree = "<group>"; };
		FE22004126F55006007A2A57 /* Host.swift */ = {isa = PBXFileReference; fileEncoding = 4; lastKnownFileType = sourcecode.swift; path = Host.swift; sourceTree = "<group>"; };
		FE22004426F55007007A2A57 /* HTTPRequestBuilder.swift */ = {isa = PBXFileReference; fileEncoding = 4; lastKnownFileType = sourcecode.swift; path = HTTPRequestBuilder.swift; sourceTree = "<group>"; };
		FE22004526F55007007A2A57 /* Request.swift */ = {isa = PBXFileReference; fileEncoding = 4; lastKnownFileType = sourcecode.swift; path = Request.swift; sourceTree = "<group>"; };
		FE22004626F55007007A2A57 /* HTTPMethod.swift */ = {isa = PBXFileReference; fileEncoding = 4; lastKnownFileType = sourcecode.swift; path = HTTPMethod.swift; sourceTree = "<group>"; };
		FE22004726F55007007A2A57 /* HTTPRequest.swift */ = {isa = PBXFileReference; fileEncoding = 4; lastKnownFileType = sourcecode.swift; path = HTTPRequest.swift; sourceTree = "<group>"; };
		FE22004826F55007007A2A57 /* ResponseDecoder.swift */ = {isa = PBXFileReference; fileEncoding = 4; lastKnownFileType = sourcecode.swift; path = ResponseDecoder.swift; sourceTree = "<group>"; };
		FE22004A26F55007007A2A57 /* HTTPTaskFactory.swift */ = {isa = PBXFileReference; fileEncoding = 4; lastKnownFileType = sourcecode.swift; path = HTTPTaskFactory.swift; sourceTree = "<group>"; };
		FE22004B26F55007007A2A57 /* TaskFactory.swift */ = {isa = PBXFileReference; fileEncoding = 4; lastKnownFileType = sourcecode.swift; path = TaskFactory.swift; sourceTree = "<group>"; };
		FE22004D26F55007007A2A57 /* ObjectAssociation.swift */ = {isa = PBXFileReference; fileEncoding = 4; lastKnownFileType = sourcecode.swift; path = ObjectAssociation.swift; sourceTree = "<group>"; };
		FE22FF9F26F3E00F007A2A57 /* Networking.framework */ = {isa = PBXFileReference; explicitFileType = wrapper.framework; includeInIndex = 0; path = Networking.framework; sourceTree = BUILT_PRODUCTS_DIR; };
		FE22FFA826F3E00F007A2A57 /* NetworkingTests.xctest */ = {isa = PBXFileReference; explicitFileType = wrapper.cfbundle; includeInIndex = 0; path = NetworkingTests.xctest; sourceTree = BUILT_PRODUCTS_DIR; };
		FE22FFC226F3E453007A2A57 /* NetworkingTestsInfo.plist */ = {isa = PBXFileReference; fileEncoding = 4; lastKnownFileType = text.plist.xml; name = NetworkingTestsInfo.plist; path = InfoPlists/NetworkingTestsInfo.plist; sourceTree = "<group>"; };
		FE22FFFA26F3E7A5007A2A57 /* Networking.h */ = {isa = PBXFileReference; fileEncoding = 4; lastKnownFileType = sourcecode.c.h; path = Networking.h; sourceTree = SOURCE_ROOT; };
/* End PBXFileReference section */

/* Begin PBXFrameworksBuildPhase section */
		FE22FF9C26F3E00F007A2A57 /* Frameworks */ = {
			isa = PBXFrameworksBuildPhase;
			buildActionMask = 2147483647;
			files = (
			);
			runOnlyForDeploymentPostprocessing = 0;
		};
		FE22FFA526F3E00F007A2A57 /* Frameworks */ = {
			isa = PBXFrameworksBuildPhase;
			buildActionMask = 2147483647;
			files = (
				FE22FFA926F3E00F007A2A57 /* Networking.framework in Frameworks */,
			);
			runOnlyForDeploymentPostprocessing = 0;
		};
/* End PBXFrameworksBuildPhase section */

/* Begin PBXGroup section */
		BE100AA3281C4D1E002277C9 /* Options */ = {
			isa = PBXGroup;
			children = (
				BE100AA4281C4D1E002277C9 /* HTTPOptions.swift */,
				BE100AA5281C4D1E002277C9 /* HTTPRequestOptions.swift */,
			);
			name = Options;
			path = Sources/Options;
			sourceTree = "<group>";
		};
		BE100AA8281C4D30002277C9 /* Response */ = {
			isa = PBXGroup;
			children = (
				BE100AA9281C4D30002277C9 /* HTTPResponse.swift */,
				BE100AAB281C4D5B002277C9 /* ResponseSimulator.swift */,
				BE100AAC281C4D5B002277C9 /* HTTPResponseSimulator.swift */,
			);
			name = Response;
			path = Sources/Response;
			sourceTree = "<group>";
		};
		BE21CD752837A63500011EAA /* Actor */ = {
			isa = PBXGroup;
			children = (
				BE21CD762837A63500011EAA /* NetworkingActor.swift */,
			);
			name = Actor;
			path = Sources/Actor;
			sourceTree = "<group>";
		};
		BE5CDEA029ABD0690066D32F /* Tracker */ = {
			isa = PBXGroup;
			children = (
				BE5CDEA129ABD0690066D32F /* Tracker.swift */,
				BE5CDEA229ABD0690066D32F /* TrackerProtocol.swift */,
			);
			name = Tracker;
			path = Sources/Tracker;
			sourceTree = "<group>";
		};
		FE22000926F531E7007A2A57 /* Frameworks */ = {
			isa = PBXGroup;
			children = (
			);
			name = Frameworks;
			sourceTree = "<group>";
		};
		FE22002226F547F1007A2A57 /* Networking */ = {
			isa = PBXGroup;
			children = (
				BE21CD752837A63500011EAA /* Actor */,
				FE22003B26F55006007A2A57 /* Gateway */,
				FE22003F26F55006007A2A57 /* Host */,
				BE100AA3281C4D1E002277C9 /* Options */,
				FE22004226F55007007A2A57 /* Request */,
				BE100AA8281C4D30002277C9 /* Response */,
				FE22004926F55007007A2A57 /* TaskFactory */,
				BE5CDEA029ABD0690066D32F /* Tracker */,
				FE22003326F55006007A2A57 /* Extensions */,
				FE22004C26F55007007A2A57 /* Helpers */,
				FE22FFFA26F3E7A5007A2A57 /* Networking.h */,
				FE22002B26F5495E007A2A57 /* NetworkingInfo.plist */,
			);
			name = Networking;
			sourceTree = "<group>";
		};
		FE22003326F55006007A2A57 /* Extensions */ = {
			isa = PBXGroup;
			children = (
				FE22003426F55006007A2A57 /* HTTPURLResponse+Extension.swift */,
				FE22003526F55006007A2A57 /* Array+Extension.swift */,
				FE22003626F55006007A2A57 /* URLSession+Extension.swift */,
				FE22003726F55006007A2A57 /* URL+Extension.swift */,
				FE22003826F55006007A2A57 /* URLSessionDownloadTask+Extensions.swift */,
				FE22003926F55006007A2A57 /* URLSessionTask+Extensions.swift */,
				FE22003A26F55006007A2A57 /* Dictionary+Merging.swift */,
			);
			name = Extensions;
			path = Sources/Extensions;
			sourceTree = "<group>";
		};
		FE22003B26F55006007A2A57 /* Gateway */ = {
			isa = PBXGroup;
			children = (
				FE22003E26F55006007A2A57 /* Gateway.swift */,
				FE22003D26F55006007A2A57 /* GatewayError.swift */,
				FE22003C26F55006007A2A57 /* HTTPGateway.swift */,
			);
			name = Gateway;
			path = Sources/Gateway;
			sourceTree = "<group>";
		};
		FE22003F26F55006007A2A57 /* Host */ = {
			isa = PBXGroup;
			children = (
				FE22004126F55006007A2A57 /* Host.swift */,
				FE22004026F55006007A2A57 /* HTTPHost.swift */,
			);
			name = Host;
			path = Sources/Host;
			sourceTree = "<group>";
		};
		FE22004226F55007007A2A57 /* Request */ = {
			isa = PBXGroup;
			children = (
				FE22004526F55007007A2A57 /* Request.swift */,
				FE22004826F55007007A2A57 /* ResponseDecoder.swift */,
				FE22004426F55007007A2A57 /* HTTPRequestBuilder.swift */,
				BE47052A295C87CB00DAB976 /* HTTPRequestBuilder+download.swift */,
				FE22004626F55007007A2A57 /* HTTPMethod.swift */,
				FE22004726F55007007A2A57 /* HTTPRequest.swift */,
				BE788A3628182A6800BFE0B4 /* HTTPRequestProgress.swift */,
			);
			name = Request;
			path = Sources/Request;
			sourceTree = "<group>";
		};
		FE22004926F55007007A2A57 /* TaskFactory */ = {
			isa = PBXGroup;
			children = (
				FE22004B26F55007007A2A57 /* TaskFactory.swift */,
				FE22004A26F55007007A2A57 /* HTTPTaskFactory.swift */,
			);
			name = TaskFactory;
			path = Sources/TaskFactory;
			sourceTree = "<group>";
		};
		FE22004C26F55007007A2A57 /* Helpers */ = {
			isa = PBXGroup;
			children = (
				BE3565F42819BEBF0027269E /* WeakProxy.swift */,
				FE22004D26F55007007A2A57 /* ObjectAssociation.swift */,
				BE5CDE9C29ABCF610066D32F /* LockIsolated.swift */,
			);
			name = Helpers;
			path = Sources/Helpers;
			sourceTree = "<group>";
		};
		FE22FF9526F3E00F007A2A57 = {
			isa = PBXGroup;
			children = (
				FE22002226F547F1007A2A57 /* Networking */,
				FE22FFC426F3E467007A2A57 /* NetworkingTests */,
				FE22FFA026F3E00F007A2A57 /* Products */,
				FE22000926F531E7007A2A57 /* Frameworks */,
			);
			sourceTree = "<group>";
		};
		FE22FFA026F3E00F007A2A57 /* Products */ = {
			isa = PBXGroup;
			children = (
				FE22FF9F26F3E00F007A2A57 /* Networking.framework */,
				FE22FFA826F3E00F007A2A57 /* NetworkingTests.xctest */,
			);
			name = Products;
			sourceTree = "<group>";
		};
		FE22FFC426F3E467007A2A57 /* NetworkingTests */ = {
			isa = PBXGroup;
			children = (
				BE2278392838A49400154F49 /* NetworkingTests.swift */,
				FE22FFC226F3E453007A2A57 /* NetworkingTestsInfo.plist */,
			);
			name = NetworkingTests;
			sourceTree = "<group>";
		};
/* End PBXGroup section */

/* Begin PBXHeadersBuildPhase section */
		FE22FF9A26F3E00F007A2A57 /* Headers */ = {
			isa = PBXHeadersBuildPhase;
			buildActionMask = 2147483647;
			files = (
				FE22FFFB26F3E7A5007A2A57 /* Networking.h in Headers */,
			);
			runOnlyForDeploymentPostprocessing = 0;
		};
/* End PBXHeadersBuildPhase section */

/* Begin PBXNativeTarget section */
		FE22FF9E26F3E00F007A2A57 /* Networking */ = {
			isa = PBXNativeTarget;
			buildConfigurationList = FE22FFB326F3E00F007A2A57 /* Build configuration list for PBXNativeTarget "Networking" */;
			buildPhases = (
				BE788A3428180EE700BFE0B4 /* ShellScript */,
				FE22FF9A26F3E00F007A2A57 /* Headers */,
				FE22FF9B26F3E00F007A2A57 /* Sources */,
				FE22FF9C26F3E00F007A2A57 /* Frameworks */,
				FE22FF9D26F3E00F007A2A57 /* Resources */,
			);
			buildRules = (
			);
			dependencies = (
			);
			name = Networking;
			productName = Networking;
			productReference = FE22FF9F26F3E00F007A2A57 /* Networking.framework */;
			productType = "com.apple.product-type.framework";
		};
		FE22FFA726F3E00F007A2A57 /* NetworkingTests */ = {
			isa = PBXNativeTarget;
			buildConfigurationList = FE22FFB626F3E00F007A2A57 /* Build configuration list for PBXNativeTarget "NetworkingTests" */;
			buildPhases = (
				FE22FFA426F3E00F007A2A57 /* Sources */,
				FE22FFA526F3E00F007A2A57 /* Frameworks */,
				FE22FFA626F3E00F007A2A57 /* Resources */,
			);
			buildRules = (
			);
			dependencies = (
				FE22FFFD26F52CF7007A2A57 /* PBXTargetDependency */,
			);
			name = NetworkingTests;
			productName = NetworkingTests;
			productReference = FE22FFA826F3E00F007A2A57 /* NetworkingTests.xctest */;
			productType = "com.apple.product-type.bundle.unit-test";
		};
/* End PBXNativeTarget section */

/* Begin PBXProject section */
		FE22FF9626F3E00F007A2A57 /* Project object */ = {
			isa = PBXProject;
			attributes = {
				LastSwiftUpdateCheck = 1250;
				LastUpgradeCheck = 9999;
				ORGANIZATIONNAME = "";
				TargetAttributes = {
					FE22FF9E26F3E00F007A2A57 = {
						CreatedOnToolsVersion = 12.5.1;
					};
					FE22FFA726F3E00F007A2A57 = {
						CreatedOnToolsVersion = 12.5.1;
						LastSwiftMigration = 9999;
					};
				};
			};
			buildConfigurationList = FE22FF9926F3E00F007A2A57 /* Build configuration list for PBXProject "Networking" */;
			compatibilityVersion = "Xcode 9.3";
			developmentRegion = en;
			hasScannedForEncodings = 0;
			knownRegions = (
				en,
				Base,
			);
			mainGroup = FE22FF9526F3E00F007A2A57;
			productRefGroup = FE22FFA026F3E00F007A2A57 /* Products */;
			projectDirPath = "";
			projectRoot = "";
			targets = (
				FE22FF9E26F3E00F007A2A57 /* Networking */,
				FE22FFA726F3E00F007A2A57 /* NetworkingTests */,
			);
		};
/* End PBXProject section */

/* Begin PBXResourcesBuildPhase section */
		FE22FF9D26F3E00F007A2A57 /* Resources */ = {
			isa = PBXResourcesBuildPhase;
			buildActionMask = 2147483647;
			files = (
			);
			runOnlyForDeploymentPostprocessing = 0;
		};
		FE22FFA626F3E00F007A2A57 /* Resources */ = {
			isa = PBXResourcesBuildPhase;
			buildActionMask = 2147483647;
			files = (
			);
			runOnlyForDeploymentPostprocessing = 0;
		};
/* End PBXResourcesBuildPhase section */

/* Begin PBXShellScriptBuildPhase section */
		BE788A3428180EE700BFE0B4 /* ShellScript */ = {
			isa = PBXShellScriptBuildPhase;
			alwaysOutOfDate = 1;
			buildActionMask = 2147483647;
			files = (
			);
			inputFileListPaths = (
			);
			inputPaths = (
			);
			outputFileListPaths = (
			);
			outputPaths = (
			);
			runOnlyForDeploymentPostprocessing = 0;
			shellPath = /bin/sh;
			shellScript = "if which swiftlint >/dev/null; then\n  swiftlint --quiet\nelse\n  echo \"warning: SwiftLint not installed, download from https://github.com/realm/SwiftLint\"\nfi\n";
		};
/* End PBXShellScriptBuildPhase section */

/* Begin PBXSourcesBuildPhase section */
		FE22FF9B26F3E00F007A2A57 /* Sources */ = {
			isa = PBXSourcesBuildPhase;
			buildActionMask = 2147483647;
			files = (
				BE100AA7281C4D1E002277C9 /* HTTPRequestOptions.swift in Sources */,
				FE22005B26F55007007A2A57 /* HTTPHost.swift in Sources */,
				FE22005C26F55007007A2A57 /* Host.swift in Sources */,
				FE22005526F55007007A2A57 /* URLSessionDownloadTask+Extensions.swift in Sources */,
				BE5CDEA329ABD0690066D32F /* Tracker.swift in Sources */,
				FE22005226F55007007A2A57 /* Array+Extension.swift in Sources */,
				FE22006526F55007007A2A57 /* ObjectAssociation.swift in Sources */,
				FE22005826F55007007A2A57 /* HTTPGateway.swift in Sources */,
				BE3565F52819BEBF0027269E /* WeakProxy.swift in Sources */,
				FE22006426F55007007A2A57 /* TaskFactory.swift in Sources */,
				FE22005426F55007007A2A57 /* URL+Extension.swift in Sources */,
				BE5CDE9D29ABCF610066D32F /* LockIsolated.swift in Sources */,
				FE22006126F55007007A2A57 /* HTTPRequest.swift in Sources */,
				FE22005E26F55007007A2A57 /* HTTPRequestBuilder.swift in Sources */,
				BE5CDEA429ABD0690066D32F /* TrackerProtocol.swift in Sources */,
				BE100AAD281C4D5B002277C9 /* ResponseSimulator.swift in Sources */,
				FE22006026F55007007A2A57 /* HTTPMethod.swift in Sources */,
				BE100AAA281C4D30002277C9 /* HTTPResponse.swift in Sources */,
				BE100AAE281C4D5B002277C9 /* HTTPResponseSimulator.swift in Sources */,
				FE22005626F55007007A2A57 /* URLSessionTask+Extensions.swift in Sources */,
				FE22006226F55007007A2A57 /* ResponseDecoder.swift in Sources */,
				FE22005F26F55007007A2A57 /* Request.swift in Sources */,
				FE22006326F55007007A2A57 /* HTTPTaskFactory.swift in Sources */,
				BE47052B295C87CB00DAB976 /* HTTPRequestBuilder+download.swift in Sources */,
				BE788A3728182A6800BFE0B4 /* HTTPRequestProgress.swift in Sources */,
				FE22005126F55007007A2A57 /* HTTPURLResponse+Extension.swift in Sources */,
				FE22005A26F55007007A2A57 /* Gateway.swift in Sources */,
				BE21CD772837A63500011EAA /* NetworkingActor.swift in Sources */,
				FE22005726F55007007A2A57 /* Dictionary+Merging.swift in Sources */,
				FE22005326F55007007A2A57 /* URLSession+Extension.swift in Sources */,
				FE22005926F55007007A2A57 /* GatewayError.swift in Sources */,
				BE100AA6281C4D1E002277C9 /* HTTPOptions.swift in Sources */,
			);
			runOnlyForDeploymentPostprocessing = 0;
		};
		FE22FFA426F3E00F007A2A57 /* Sources */ = {
			isa = PBXSourcesBuildPhase;
			buildActionMask = 2147483647;
			files = (
				BE22783A2838A49400154F49 /* NetworkingTests.swift in Sources */,
			);
			runOnlyForDeploymentPostprocessing = 0;
		};
/* End PBXSourcesBuildPhase section */

/* Begin PBXTargetDependency section */
		FE22FFFD26F52CF7007A2A57 /* PBXTargetDependency */ = {
			isa = PBXTargetDependency;
			target = FE22FF9E26F3E00F007A2A57 /* Networking */;
			targetProxy = FE22FFFC26F52CF7007A2A57 /* PBXContainerItemProxy */;
		};
/* End PBXTargetDependency section */

/* Begin XCBuildConfiguration section */
		FE22FFB126F3E00F007A2A57 /* Debug */ = {
			isa = XCBuildConfiguration;
			buildSettings = {
				ALWAYS_SEARCH_USER_PATHS = NO;
				CLANG_ANALYZER_NONNULL = YES;
				CLANG_ANALYZER_NUMBER_OBJECT_CONVERSION = YES_AGGRESSIVE;
				CLANG_CXX_LANGUAGE_STANDARD = "gnu++14";
				CLANG_CXX_LIBRARY = "libc++";
				CLANG_ENABLE_MODULES = YES;
				CLANG_ENABLE_OBJC_ARC = YES;
				CLANG_ENABLE_OBJC_WEAK = YES;
				CLANG_WARN_BLOCK_CAPTURE_AUTORELEASING = YES;
				CLANG_WARN_BOOL_CONVERSION = YES;
				CLANG_WARN_COMMA = YES;
				CLANG_WARN_CONSTANT_CONVERSION = YES;
				CLANG_WARN_DEPRECATED_OBJC_IMPLEMENTATIONS = YES;
				CLANG_WARN_DIRECT_OBJC_ISA_USAGE = YES_ERROR;
				CLANG_WARN_DOCUMENTATION_COMMENTS = YES;
				CLANG_WARN_EMPTY_BODY = YES;
				CLANG_WARN_ENUM_CONVERSION = YES;
				CLANG_WARN_INFINITE_RECURSION = YES;
				CLANG_WARN_INT_CONVERSION = YES;
				CLANG_WARN_NON_LITERAL_NULL_CONVERSION = YES;
				CLANG_WARN_OBJC_IMPLICIT_RETAIN_SELF = YES;
				CLANG_WARN_OBJC_LITERAL_CONVERSION = YES;
				CLANG_WARN_OBJC_ROOT_CLASS = YES_ERROR;
				CLANG_WARN_QUOTED_INCLUDE_IN_FRAMEWORK_HEADER = YES;
				CLANG_WARN_RANGE_LOOP_ANALYSIS = YES;
				CLANG_WARN_STRICT_PROTOTYPES = YES;
				CLANG_WARN_SUSPICIOUS_MOVE = YES;
				CLANG_WARN_UNGUARDED_AVAILABILITY = YES_AGGRESSIVE;
				CLANG_WARN_UNREACHABLE_CODE = YES;
				CLANG_WARN__DUPLICATE_METHOD_MATCH = YES;
				COPY_PHASE_STRIP = NO;
				CURRENT_PROJECT_VERSION = 1;
				DEBUG_INFORMATION_FORMAT = dwarf;
				ENABLE_STRICT_OBJC_MSGSEND = YES;
				ENABLE_TESTABILITY = YES;
				GCC_C_LANGUAGE_STANDARD = gnu11;
				GCC_DYNAMIC_NO_PIC = NO;
				GCC_NO_COMMON_BLOCKS = YES;
				GCC_OPTIMIZATION_LEVEL = 0;
				GCC_PREPROCESSOR_DEFINITIONS = (
					"DEBUG=1",
					"$(inherited)",
				);
				GCC_WARN_64_TO_32_BIT_CONVERSION = YES;
				GCC_WARN_ABOUT_RETURN_TYPE = YES_ERROR;
				GCC_WARN_UNDECLARED_SELECTOR = YES;
				GCC_WARN_UNINITIALIZED_AUTOS = YES_AGGRESSIVE;
				GCC_WARN_UNUSED_FUNCTION = YES;
				GCC_WARN_UNUSED_VARIABLE = YES;
				IPHONEOS_DEPLOYMENT_TARGET = 13.0;
				MTL_ENABLE_DEBUG_INFO = INCLUDE_SOURCE;
				MTL_FAST_MATH = YES;
				ONLY_ACTIVE_ARCH = YES;
				SDKROOT = iphoneos;
				SWIFT_ACTIVE_COMPILATION_CONDITIONS = DEBUG;
				SWIFT_OPTIMIZATION_LEVEL = "-Onone";
				SWIFT_STRICT_CONCURRENCY = complete;
				VERSIONING_SYSTEM = "apple-generic";
				VERSION_INFO_PREFIX = "";
			};
			name = Debug;
		};
		FE22FFB226F3E00F007A2A57 /* Release */ = {
			isa = XCBuildConfiguration;
			buildSettings = {
				ALWAYS_SEARCH_USER_PATHS = NO;
				CLANG_ANALYZER_NONNULL = YES;
				CLANG_ANALYZER_NUMBER_OBJECT_CONVERSION = YES_AGGRESSIVE;
				CLANG_CXX_LANGUAGE_STANDARD = "gnu++14";
				CLANG_CXX_LIBRARY = "libc++";
				CLANG_ENABLE_MODULES = YES;
				CLANG_ENABLE_OBJC_ARC = YES;
				CLANG_ENABLE_OBJC_WEAK = YES;
				CLANG_WARN_BLOCK_CAPTURE_AUTORELEASING = YES;
				CLANG_WARN_BOOL_CONVERSION = YES;
				CLANG_WARN_COMMA = YES;
				CLANG_WARN_CONSTANT_CONVERSION = YES;
				CLANG_WARN_DEPRECATED_OBJC_IMPLEMENTATIONS = YES;
				CLANG_WARN_DIRECT_OBJC_ISA_USAGE = YES_ERROR;
				CLANG_WARN_DOCUMENTATION_COMMENTS = YES;
				CLANG_WARN_EMPTY_BODY = YES;
				CLANG_WARN_ENUM_CONVERSION = YES;
				CLANG_WARN_INFINITE_RECURSION = YES;
				CLANG_WARN_INT_CONVERSION = YES;
				CLANG_WARN_NON_LITERAL_NULL_CONVERSION = YES;
				CLANG_WARN_OBJC_IMPLICIT_RETAIN_SELF = YES;
				CLANG_WARN_OBJC_LITERAL_CONVERSION = YES;
				CLANG_WARN_OBJC_ROOT_CLASS = YES_ERROR;
				CLANG_WARN_QUOTED_INCLUDE_IN_FRAMEWORK_HEADER = YES;
				CLANG_WARN_RANGE_LOOP_ANALYSIS = YES;
				CLANG_WARN_STRICT_PROTOTYPES = YES;
				CLANG_WARN_SUSPICIOUS_MOVE = YES;
				CLANG_WARN_UNGUARDED_AVAILABILITY = YES_AGGRESSIVE;
				CLANG_WARN_UNREACHABLE_CODE = YES;
				CLANG_WARN__DUPLICATE_METHOD_MATCH = YES;
				COPY_PHASE_STRIP = NO;
				CURRENT_PROJECT_VERSION = 1;
				DEBUG_INFORMATION_FORMAT = "dwarf-with-dsym";
				ENABLE_NS_ASSERTIONS = NO;
				ENABLE_STRICT_OBJC_MSGSEND = YES;
				GCC_C_LANGUAGE_STANDARD = gnu11;
				GCC_NO_COMMON_BLOCKS = YES;
				GCC_WARN_64_TO_32_BIT_CONVERSION = YES;
				GCC_WARN_ABOUT_RETURN_TYPE = YES_ERROR;
				GCC_WARN_UNDECLARED_SELECTOR = YES;
				GCC_WARN_UNINITIALIZED_AUTOS = YES_AGGRESSIVE;
				GCC_WARN_UNUSED_FUNCTION = YES;
				GCC_WARN_UNUSED_VARIABLE = YES;
				IPHONEOS_DEPLOYMENT_TARGET = 13.0;
				MTL_ENABLE_DEBUG_INFO = NO;
				MTL_FAST_MATH = YES;
				SDKROOT = iphoneos;
				SWIFT_COMPILATION_MODE = wholemodule;
				SWIFT_OPTIMIZATION_LEVEL = "-O";
				SWIFT_STRICT_CONCURRENCY = complete;
				VALIDATE_PRODUCT = YES;
				VERSIONING_SYSTEM = "apple-generic";
				VERSION_INFO_PREFIX = "";
			};
			name = Release;
		};
		FE22FFB426F3E00F007A2A57 /* Debug */ = {
			isa = XCBuildConfiguration;
			buildSettings = {
				CODE_SIGN_STYLE = Automatic;
				DEFINES_MODULE = YES;
				DEVELOPMENT_TEAM = 22G9XCBT9G;
				DYLIB_COMPATIBILITY_VERSION = 1;
				DYLIB_CURRENT_VERSION = 1;
				DYLIB_INSTALL_NAME_BASE = "@rpath";
				INFOPLIST_FILE = InfoPlists/NetworkingInfo.plist;
				INSTALL_PATH = "$(LOCAL_LIBRARY_DIR)/Frameworks";
				IPHONEOS_DEPLOYMENT_TARGET = 13.0;
				LD_RUNPATH_SEARCH_PATHS = (
					"$(inherited)",
					"@executable_path/Frameworks",
					"@loader_path/Frameworks",
				);
				PRODUCT_BUNDLE_IDENTIFIER = Networking.Networking;
				PRODUCT_NAME = "$(TARGET_NAME:c99extidentifier)";
				SKIP_INSTALL = YES;
				SWIFT_VERSION = 5.0;
				TARGETED_DEVICE_FAMILY = "1,2";
			};
			name = Debug;
		};
		FE22FFB526F3E00F007A2A57 /* Release */ = {
			isa = XCBuildConfiguration;
			buildSettings = {
				CODE_SIGN_STYLE = Automatic;
				DEFINES_MODULE = YES;
				DEVELOPMENT_TEAM = 22G9XCBT9G;
				DYLIB_COMPATIBILITY_VERSION = 1;
				DYLIB_CURRENT_VERSION = 1;
				DYLIB_INSTALL_NAME_BASE = "@rpath";
				INFOPLIST_FILE = InfoPlists/NetworkingInfo.plist;
				INSTALL_PATH = "$(LOCAL_LIBRARY_DIR)/Frameworks";
				IPHONEOS_DEPLOYMENT_TARGET = 13.0;
				LD_RUNPATH_SEARCH_PATHS = (
					"$(inherited)",
					"@executable_path/Frameworks",
					"@loader_path/Frameworks",
				);
				PRODUCT_BUNDLE_IDENTIFIER = Networking.Networking;
				PRODUCT_NAME = "$(TARGET_NAME:c99extidentifier)";
				SKIP_INSTALL = YES;
				SWIFT_VERSION = 5.0;
				TARGETED_DEVICE_FAMILY = "1,2";
			};
			name = Release;
		};
		FE22FFB726F3E00F007A2A57 /* Debug */ = {
			isa = XCBuildConfiguration;
			buildSettings = {
				ALWAYS_EMBED_SWIFT_STANDARD_LIBRARIES = YES;
				CLANG_ENABLE_MODULES = YES;
				CODE_SIGN_STYLE = Automatic;
				DEVELOPMENT_TEAM = 22G9XCBT9G;
				INFOPLIST_FILE = InfoPlists/NetworkingTestsInfo.plist;
				IPHONEOS_DEPLOYMENT_TARGET = 13.0;
				LD_RUNPATH_SEARCH_PATHS = (
					"$(inherited)",
					"@executable_path/Frameworks",
					"@loader_path/Frameworks",
				);
				PRODUCT_BUNDLE_IDENTIFIER = Networking.NetworkingTests;
				PRODUCT_NAME = "$(TARGET_NAME)";
				SWIFT_OPTIMIZATION_LEVEL = "-Onone";
				SWIFT_VERSION = 5.0;
				TARGETED_DEVICE_FAMILY = "1,2";
			};
			name = Debug;
		};
		FE22FFB826F3E00F007A2A57 /* Release */ = {
			isa = XCBuildConfiguration;
			buildSettings = {
				ALWAYS_EMBED_SWIFT_STANDARD_LIBRARIES = YES;
				CLANG_ENABLE_MODULES = YES;
				CODE_SIGN_STYLE = Automatic;
				DEVELOPMENT_TEAM = 22G9XCBT9G;
				INFOPLIST_FILE = InfoPlists/NetworkingTestsInfo.plist;
				IPHONEOS_DEPLOYMENT_TARGET = 13.0;
				LD_RUNPATH_SEARCH_PATHS = (
					"$(inherited)",
					"@executable_path/Frameworks",
					"@loader_path/Frameworks",
				);
				PRODUCT_BUNDLE_IDENTIFIER = Networking.NetworkingTests;
				PRODUCT_NAME = "$(TARGET_NAME)";
				SWIFT_VERSION = 5.0;
				TARGETED_DEVICE_FAMILY = "1,2";
			};
			name = Release;
		};
/* End XCBuildConfiguration section */

/* Begin XCConfigurationList section */
		FE22FF9926F3E00F007A2A57 /* Build configuration list for PBXProject "Networking" */ = {
			isa = XCConfigurationList;
			buildConfigurations = (
				FE22FFB126F3E00F007A2A57 /* Debug */,
				FE22FFB226F3E00F007A2A57 /* Release */,
			);
			defaultConfigurationIsVisible = 0;
			defaultConfigurationName = Release;
		};
		FE22FFB326F3E00F007A2A57 /* Build configuration list for PBXNativeTarget "Networking" */ = {
			isa = XCConfigurationList;
			buildConfigurations = (
				FE22FFB426F3E00F007A2A57 /* Debug */,
				FE22FFB526F3E00F007A2A57 /* Release */,
			);
			defaultConfigurationIsVisible = 0;
			defaultConfigurationName = Release;
		};
		FE22FFB626F3E00F007A2A57 /* Build configuration list for PBXNativeTarget "NetworkingTests" */ = {
			isa = XCConfigurationList;
			buildConfigurations = (
				FE22FFB726F3E00F007A2A57 /* Debug */,
				FE22FFB826F3E00F007A2A57 /* Release */,
			);
			defaultConfigurationIsVisible = 0;
			defaultConfigurationName = Release;
		};
/* End XCConfigurationList section */
	};
	rootObject = FE22FF9626F3E00F007A2A57 /* Project object */;
}
