// !$*UTF8*$!
{
	archiveVersion = 1;
	classes = {
	};
	objectVersion = 50;
	objects = {

/* Begin PBXBuildFile section */
		FE22000226F53003007A2A57 /* WeakProxy.m in Sources */ = {isa = PBXBuildFile; fileRef = FE22000026F53003007A2A57 /* WeakProxy.m */; };
		FE22000B26F5343F007A2A57 /* WeakProxy.h in CopyFiles */ = {isa = PBXBuildFile; fileRef = FE22000126F53003007A2A57 /* WeakProxy.h */; };
		FE22006A26F550AE007A2A57 /* ObjcUtils.h in CopyFiles */ = {isa = PBXBuildFile; fileRef = FE22006826F5503B007A2A57 /* ObjcUtils.h */; };
		FECD52A126E9EB7E0025FD7C /* module.modulemap in CopyFiles */ = {isa = PBXBuildFile; fileRef = FECD529E26E97C460025FD7C /* module.modulemap */; };
/* End PBXBuildFile section */

/* Begin PBXCopyFilesBuildPhase section */
		FE235B8B26D572F9006CF1ED /* CopyFiles */ = {
			isa = PBXCopyFilesBuildPhase;
			buildActionMask = 2147483647;
			dstPath = "include/$(PRODUCT_NAME)";
			dstSubfolderSpec = 16;
			files = (
				FE22006A26F550AE007A2A57 /* ObjcUtils.h in CopyFiles */,
				FE22000B26F5343F007A2A57 /* WeakProxy.h in CopyFiles */,
				FECD52A126E9EB7E0025FD7C /* module.modulemap in CopyFiles */,
			);
			runOnlyForDeploymentPostprocessing = 0;
		};
/* End PBXCopyFilesBuildPhase section */

/* Begin PBXFileReference section */
		FE22000026F53003007A2A57 /* WeakProxy.m */ = {isa = PBXFileReference; fileEncoding = 4; lastKnownFileType = sourcecode.c.objc; path = WeakProxy.m; sourceTree = "<group>"; };
		FE22000126F53003007A2A57 /* WeakProxy.h */ = {isa = PBXFileReference; fileEncoding = 4; lastKnownFileType = sourcecode.c.h; path = WeakProxy.h; sourceTree = "<group>"; };
		FE22006826F5503B007A2A57 /* ObjcUtils.h */ = {isa = PBXFileReference; lastKnownFileType = sourcecode.c.h; path = ObjcUtils.h; sourceTree = "<group>"; };
		FE235B8D26D572F9006CF1ED /* libObjcUtils.a */ = {isa = PBXFileReference; explicitFileType = archive.ar; includeInIndex = 0; path = libObjcUtils.a; sourceTree = BUILT_PRODUCTS_DIR; };
		FECD529E26E97C460025FD7C /* module.modulemap */ = {isa = PBXFileReference; lastKnownFileType = "sourcecode.module-map"; path = module.modulemap; sourceTree = "<group>"; };
/* End PBXFileReference section */

/* Begin PBXFrameworksBuildPhase section */
		FE235B8A26D572F9006CF1ED /* Frameworks */ = {
			isa = PBXFrameworksBuildPhase;
			buildActionMask = 2147483647;
			files = (
			);
			runOnlyForDeploymentPostprocessing = 0;
		};
/* End PBXFrameworksBuildPhase section */

/* Begin PBXGroup section */
		FE22FFFE26F52FDA007A2A57 /* ObjcUtils */ = {
			isa = PBXGroup;
			children = (
				FE22FFFF26F53003007A2A57 /* WeakProxy */,
			);
			name = ObjcUtils;
			sourceTree = "<group>";
		};
		FE22FFFF26F53003007A2A57 /* WeakProxy */ = {
			isa = PBXGroup;
			children = (
				FE22000126F53003007A2A57 /* WeakProxy.h */,
				FE22000026F53003007A2A57 /* WeakProxy.m */,
			);
			path = WeakProxy;
			sourceTree = "<group>";
		};
		FE235B8426D572F9006CF1ED = {
			isa = PBXGroup;
			children = (
				FE22FFFE26F52FDA007A2A57 /* ObjcUtils */,
				FE235B8E26D572F9006CF1ED /* Products */,
				FECD529E26E97C460025FD7C /* module.modulemap */,
				FE22006826F5503B007A2A57 /* ObjcUtils.h */,
			);
			sourceTree = "<group>";
		};
		FE235B8E26D572F9006CF1ED /* Products */ = {
			isa = PBXGroup;
			children = (
				FE235B8D26D572F9006CF1ED /* libObjcUtils.a */,
			);
			name = Products;
			sourceTree = "<group>";
		};
/* End PBXGroup section */

/* Begin PBXNativeTarget section */
		FE235B8C26D572F9006CF1ED /* ObjcUtils */ = {
			isa = PBXNativeTarget;
			buildConfigurationList = FE235B9626D572F9006CF1ED /* Build configuration list for PBXNativeTarget "ObjcUtils" */;
			buildPhases = (
				FE235B8926D572F9006CF1ED /* Sources */,
				FE235B8A26D572F9006CF1ED /* Frameworks */,
				FE235B8B26D572F9006CF1ED /* CopyFiles */,
			);
			buildRules = (
			);
			dependencies = (
			);
			name = ObjcUtils;
			productName = ObjcUtils;
			productReference = FE235B8D26D572F9006CF1ED /* libObjcUtils.a */;
			productType = "com.apple.product-type.library.static";
		};
/* End PBXNativeTarget section */

/* Begin PBXProject section */
		FE235B8526D572F9006CF1ED /* Project object */ = {
			isa = PBXProject;
			attributes = {
				LastUpgradeCheck = 1250;
				TargetAttributes = {
					FE235B8C26D572F9006CF1ED = {
						CreatedOnToolsVersion = 12.5.1;
					};
				};
			};
			buildConfigurationList = FE235B8826D572F9006CF1ED /* Build configuration list for PBXProject "ObjcUtils" */;
			compatibilityVersion = "Xcode 9.3";
			developmentRegion = en;
			hasScannedForEncodings = 0;
			knownRegions = (
				en,
				Base,
			);
			mainGroup = FE235B8426D572F9006CF1ED;
			productRefGroup = FE235B8E26D572F9006CF1ED /* Products */;
			projectDirPath = "";
			projectRoot = "";
			targets = (
				FE235B8C26D572F9006CF1ED /* ObjcUtils */,
			);
		};
/* End PBXProject section */

/* Begin PBXSourcesBuildPhase section */
		FE235B8926D572F9006CF1ED /* Sources */ = {
			isa = PBXSourcesBuildPhase;
			buildActionMask = 2147483647;
			files = (
				FE22000226F53003007A2A57 /* WeakProxy.m in Sources */,
			);
			runOnlyForDeploymentPostprocessing = 0;
		};
/* End PBXSourcesBuildPhase section */

/* Begin XCBuildConfiguration section */
		FE235B9426D572F9006CF1ED /* Debug */ = {
			isa = XCBuildConfiguration;
			buildSettings = {
				ALWAYS_SEARCH_USER_PATHS = NO;
				CLANG_ANALYZER_NONNULL = YES;
				CLANG_ANALYZER_NUMBER_OBJECT_CONVERSION = YES_AGGRESSIVE;
				CLANG_CXX_LANGUAGE_STANDARD = "gnu++14";
				CLANG_CXX_LIBRARY = "libc++";
				CLANG_ENABLE_MODULES = YES;
				CLANG_ENABLE_OBJC_ARC = YES;
				CLANG_ENABLE_OBJC_WEAK = YES;
				CLANG_WARN_BLOCK_CAPTURE_AUTORELEASING = YES;
				CLANG_WARN_BOOL_CONVERSION = YES;
				CLANG_WARN_COMMA = YES;
				CLANG_WARN_CONSTANT_CONVERSION = YES;
				CLANG_WARN_DEPRECATED_OBJC_IMPLEMENTATIONS = YES;
				CLANG_WARN_DIRECT_OBJC_ISA_USAGE = YES_ERROR;
				CLANG_WARN_DOCUMENTATION_COMMENTS = YES;
				CLANG_WARN_EMPTY_BODY = YES;
				CLANG_WARN_ENUM_CONVERSION = YES;
				CLANG_WARN_INFINITE_RECURSION = YES;
				CLANG_WARN_INT_CONVERSION = YES;
				CLANG_WARN_NON_LITERAL_NULL_CONVERSION = YES;
				CLANG_WARN_OBJC_IMPLICIT_RETAIN_SELF = YES;
				CLANG_WARN_OBJC_LITERAL_CONVERSION = YES;
				CLANG_WARN_OBJC_ROOT_CLASS = YES_ERROR;
				CLANG_WARN_QUOTED_INCLUDE_IN_FRAMEWORK_HEADER = YES;
				CLANG_WARN_RANGE_LOOP_ANALYSIS = YES;
				CLANG_WARN_STRICT_PROTOTYPES = YES;
				CLANG_WARN_SUSPICIOUS_MOVE = YES;
				CLANG_WARN_UNGUARDED_AVAILABILITY = YES_AGGRESSIVE;
				CLANG_WARN_UNREACHABLE_CODE = YES;
				CLANG_WARN__DUPLICATE_METHOD_MATCH = YES;
				COPY_PHASE_STRIP = NO;
				DEBUG_INFORMATION_FORMAT = dwarf;
				ENABLE_STRICT_OBJC_MSGSEND = YES;
				ENABLE_TESTABILITY = YES;
				GCC_C_LANGUAGE_STANDARD = gnu11;
				GCC_DYNAMIC_NO_PIC = NO;
				GCC_NO_COMMON_BLOCKS = YES;
				GCC_OPTIMIZATION_LEVEL = 0;
				GCC_PREPROCESSOR_DEFINITIONS = (
					"DEBUG=1",
					"$(inherited)",
				);
				GCC_WARN_64_TO_32_BIT_CONVERSION = YES;
				GCC_WARN_ABOUT_RETURN_TYPE = YES_ERROR;
				GCC_WARN_UNDECLARED_SELECTOR = YES;
				GCC_WARN_UNINITIALIZED_AUTOS = YES_AGGRESSIVE;
				GCC_WARN_UNUSED_FUNCTION = YES;
				GCC_WARN_UNUSED_VARIABLE = YES;
				IPHONEOS_DEPLOYMENT_TARGET = 12.0;
				MTL_ENABLE_DEBUG_INFO = INCLUDE_SOURCE;
				MTL_FAST_MATH = YES;
				ONLY_ACTIVE_ARCH = YES;
				SDKROOT = iphoneos;
			};
			name = Debug;
		};
		FE235B9526D572F9006CF1ED /* Release */ = {
			isa = XCBuildConfiguration;
			buildSettings = {
				ALWAYS_SEARCH_USER_PATHS = NO;
				CLANG_ANALYZER_NONNULL = YES;
				CLANG_ANALYZER_NUMBER_OBJECT_CONVERSION = YES_AGGRESSIVE;
				CLANG_CXX_LANGUAGE_STANDARD = "gnu++14";
				CLANG_CXX_LIBRARY = "libc++";
				CLANG_ENABLE_MODULES = YES;
				CLANG_ENABLE_OBJC_ARC = YES;
				CLANG_ENABLE_OBJC_WEAK = YES;
				CLANG_WARN_BLOCK_CAPTURE_AUTORELEASING = YES;
				CLANG_WARN_BOOL_CONVERSION = YES;
				CLANG_WARN_COMMA = YES;
				CLANG_WARN_CONSTANT_CONVERSION = YES;
				CLANG_WARN_DEPRECATED_OBJC_IMPLEMENTATIONS = YES;
				CLANG_WARN_DIRECT_OBJC_ISA_USAGE = YES_ERROR;
				CLANG_WARN_DOCUMENTATION_COMMENTS = YES;
				CLANG_WARN_EMPTY_BODY = YES;
				CLANG_WARN_ENUM_CONVERSION = YES;
				CLANG_WARN_INFINITE_RECURSION = YES;
				CLANG_WARN_INT_CONVERSION = YES;
				CLANG_WARN_NON_LITERAL_NULL_CONVERSION = YES;
				CLANG_WARN_OBJC_IMPLICIT_RETAIN_SELF = YES;
				CLANG_WARN_OBJC_LITERAL_CONVERSION = YES;
				CLANG_WARN_OBJC_ROOT_CLASS = YES_ERROR;
				CLANG_WARN_QUOTED_INCLUDE_IN_FRAMEWORK_HEADER = YES;
				CLANG_WARN_RANGE_LOOP_ANALYSIS = YES;
				CLANG_WARN_STRICT_PROTOTYPES = YES;
				CLANG_WARN_SUSPICIOUS_MOVE = YES;
				CLANG_WARN_UNGUARDED_AVAILABILITY = YES_AGGRESSIVE;
				CLANG_WARN_UNREACHABLE_CODE = YES;
				CLANG_WARN__DUPLICATE_METHOD_MATCH = YES;
				COPY_PHASE_STRIP = NO;
				DEBUG_INFORMATION_FORMAT = "dwarf-with-dsym";
				ENABLE_NS_ASSERTIONS = NO;
				ENABLE_STRICT_OBJC_MSGSEND = YES;
				GCC_C_LANGUAGE_STANDARD = gnu11;
				GCC_NO_COMMON_BLOCKS = YES;
				GCC_WARN_64_TO_32_BIT_CONVERSION = YES;
				GCC_WARN_ABOUT_RETURN_TYPE = YES_ERROR;
				GCC_WARN_UNDECLARED_SELECTOR = YES;
				GCC_WARN_UNINITIALIZED_AUTOS = YES_AGGRESSIVE;
				GCC_WARN_UNUSED_FUNCTION = YES;
				GCC_WARN_UNUSED_VARIABLE = YES;
				IPHONEOS_DEPLOYMENT_TARGET = 12.0;
				MTL_ENABLE_DEBUG_INFO = NO;
				MTL_FAST_MATH = YES;
				SDKROOT = iphoneos;
				VALIDATE_PRODUCT = YES;
			};
			name = Release;
		};
		FE235B9726D572F9006CF1ED /* Debug */ = {
			isa = XCBuildConfiguration;
			buildSettings = {
				CODE_SIGN_STYLE = Automatic;
				DEFINES_MODULE = YES;
				DEVELOPMENT_TEAM = 22G9XCBT9G;
				MODULEMAP_FILE = "$(SRCROOT)/module.modulemap";
				OTHER_LDFLAGS = "";
				PRODUCT_NAME = "$(TARGET_NAME)";
				SKIP_INSTALL = YES;
				TARGETED_DEVICE_FAMILY = "1,2";
			};
			name = Debug;
		};
		FE235B9826D572F9006CF1ED /* Release */ = {
			isa = XCBuildConfiguration;
			buildSettings = {
				CODE_SIGN_STYLE = Automatic;
				DEFINES_MODULE = YES;
				DEVELOPMENT_TEAM = 22G9XCBT9G;
				MODULEMAP_FILE = "$(SRCROOT)/module.modulemap";
				OTHER_LDFLAGS = "";
				PRODUCT_NAME = "$(TARGET_NAME)";
				SKIP_INSTALL = YES;
				TARGETED_DEVICE_FAMILY = "1,2";
			};
			name = Release;
		};
/* End XCBuildConfiguration section */

/* Begin XCConfigurationList section */
		FE235B8826D572F9006CF1ED /* Build configuration list for PBXProject "ObjcUtils" */ = {
			isa = XCConfigurationList;
			buildConfigurations = (
				FE235B9426D572F9006CF1ED /* Debug */,
				FE235B9526D572F9006CF1ED /* Release */,
			);
			defaultConfigurationIsVisible = 0;
			defaultConfigurationName = Release;
		};
		FE235B9626D572F9006CF1ED /* Build configuration list for PBXNativeTarget "ObjcUtils" */ = {
			isa = XCConfigurationList;
			buildConfigurations = (
				FE235B9726D572F9006CF1ED /* Debug */,
				FE235B9826D572F9006CF1ED /* Release */,
			);
			defaultConfigurationIsVisible = 0;
			defaultConfigurationName = Release;
		};
/* End XCConfigurationList section */
	};
	rootObject = FE235B8526D572F9006CF1ED /* Project object */;
}
